
Microsoft Visual Studio Solution File, Format Version 12.00
# Visual Studio 15
Project("{FAE04EC0-301F-11D3-BF4B-00C04F79EFBC}") = "Assembly-CSharp", "Assembly-CSharp.csproj", "{244A0FF3-3957-D0BD-2706-B09E93F5C905}"
EndProject
Project("{FAE04EC0-301F-11D3-BF4B-00C04F79EFBC}") = "Assembly-CSharp-Editor", "Assembly-CSharp-Editor.csproj", "{F6E06ADE-FB0E-2A86-B6F7-4B0A092F5858}"
EndProject
Global
	GlobalSection(SolutionConfigurationPlatforms) = preSolution
		Debug|Any CPU = Debug|Any CPU
		Release|Any CPU = Release|Any CPU
	EndGlobalSection
	GlobalSection(ProjectConfigurationPlatforms) = postSolution
		{244A0FF3-3957-D0BD-2706-B09E93F5C905}.Debug|Any CPU.ActiveCfg = Debug|Any CPU
		{244A0FF3-3957-D0BD-2706-B09E93F5C905}.Debug|Any CPU.Build.0 = Debug|Any CPU
		{244A0FF3-3957-D0BD-2706-B09E93F5C905}.Release|Any CPU.ActiveCfg = Release|Any CPU
		{244A0FF3-3957-D0BD-2706-B09E93F5C905}.Release|Any CPU.Build.0 = Release|Any CPU
		{F6E06ADE-FB0E-2A86-B6F7-4B0A092F5858}.Debug|Any CPU.ActiveCfg = Debug|Any CPU
		{F6E06ADE-FB0E-2A86-B6F7-4B0A092F5858}.Debug|Any CPU.Build.0 = Debug|Any CPU
		{F6E06ADE-FB0E-2A86-B6F7-4B0A092F5858}.Release|Any CPU.ActiveCfg = Release|Any CPU
		{F6E06ADE-FB0E-2A86-B6F7-4B0A092F5858}.Release|Any CPU.Build.0 = Release|Any CPU
	EndGlobalSection
	GlobalSection(SolutionProperties) = preSolution
		HideSolutionNode = FALSE
	EndGlobalSection
EndGlobal
